
Microsoft Visual Studio Solution File, Format Version 12.00
# Visual Studio Version 17
VisualStudioVersion = 17.14.36221.1 d17.14
MinimumVisualStudioVersion = 10.0.40219.1
Project("{FAE04EC0-301F-11D3-BF4B-00C04F79EFBC}") = "SupplierManagement", "SupplierManagement\SupplierManagement.csproj", "{AFEDC545-57E1-4A13-A0D5-4551C885F3DE}"
EndProject
Project("{FAE04EC0-301F-11D3-BF4B-00C04F79EFBC}") = "MenuLibrary", "MenuLibrary\MenuLibrary.csproj", "{2D2A11FA-C179-4F26-95A1-25CF9F37B16A}"
EndProject
Project("{2150E333-8FDC-42A3-9474-1A3956D46DE8}") = "Solution Items", "Solution Items", "{02EA681E-C7D8-13C7-8484-4AC65E1B71E8}"
	ProjectSection(SolutionItems) = preProject
		.editorconfig = .editorconfig
	EndProjectSection
EndProject
Global
	GlobalSection(SolutionConfigurationPlatforms) = preSolution
		Debug|Any CPU = Debug|Any CPU
		Release|Any CPU = Release|Any CPU
	EndGlobalSection
	GlobalSection(ProjectConfigurationPlatforms) = postSolution
		{AFEDC545-57E1-4A13-A0D5-4551C885F3DE}.Debug|Any CPU.ActiveCfg = Debug|Any CPU
		{AFEDC545-57E1-4A13-A0D5-4551C885F3DE}.Debug|Any CPU.Build.0 = Debug|Any CPU
		{AFEDC545-57E1-4A13-A0D5-4551C885F3DE}.Release|Any CPU.ActiveCfg = Release|Any CPU
		{AFEDC545-57E1-4A13-A0D5-4551C885F3DE}.Release|Any CPU.Build.0 = Release|Any CPU
		{2D2A11FA-C179-4F26-95A1-25CF9F37B16A}.Debug|Any CPU.ActiveCfg = Debug|Any CPU
		{2D2A11FA-C179-4F26-95A1-25CF9F37B16A}.Debug|Any CPU.Build.0 = Debug|Any CPU
		{2D2A11FA-C179-4F26-95A1-25CF9F37B16A}.Release|Any CPU.ActiveCfg = Release|Any CPU
		{2D2A11FA-C179-4F26-95A1-25CF9F37B16A}.Release|Any CPU.Build.0 = Release|Any CPU
	EndGlobalSection
	GlobalSection(SolutionProperties) = preSolution
		HideSolutionNode = FALSE
	EndGlobalSection
	GlobalSection(ExtensibilityGlobals) = postSolution
		SolutionGuid = {D7EB4F28-AE72-4EFF-8C4F-3B63CDA60142}
	EndGlobalSection
EndGlobal
